
Microsoft Visual Studio Solution File, Format Version 12.00
# Visual Studio Version 16
VisualStudioVersion = 16.0.31112.23
MinimumVisualStudioVersion = 10.0.40219.1
Project("{FAE04EC0-301F-11D3-BF4B-00C04F79EFBC}") = "CyclerGUI", "CyclerGUI\CyclerGUI.csproj", "{B9869305-76D9-4229-B08F-695263A2A12A}"
EndProject
Project("{FAE04EC0-301F-11D3-BF4B-00C04F79EFBC}") = "Title", "TitleBar\Title.csproj", "{CA17172C-2C60-4632-AF41-CB12155D3F7F}"
EndProject
Project("{FAE04EC0-301F-11D3-BF4B-00C04F79EFBC}") = "TitleTests", "TitleTests\TitleTests.csproj", "{166C3309-DD6C-4004-BFA4-ADC2FE5EED32}"
EndProject
Project("{FAE04EC0-301F-11D3-BF4B-00C04F79EFBC}") = "CommModulesTests", "CyclerModuleTests\CommModulesTests.csproj", "{F04F2528-5513-4693-A713-9D2AF6CD661C}"
EndProject
Project("{2150E333-8FDC-42A3-9474-1A3956D46DE8}") = "CyclerModulePack", "CyclerModulePack", "{EBF6152E-25C6-4D73-8AB5-B00F2788D350}"
EndProject
Project("{2150E333-8FDC-42A3-9474-1A3956D46DE8}") = "TitlePack", "TitlePack", "{DC7A007A-90AC-4F96-A626-F989BAA75280}"
EndProject
Project("{FAE04EC0-301F-11D3-BF4B-00C04F79EFBC}") = "CyclerModule", "CyclerModule\CyclerModule.csproj", "{EF8D90C3-26F0-4F8A-9D09-930399861A52}"
EndProject
Project("{FAE04EC0-301F-11D3-BF4B-00C04F79EFBC}") = "CommModules", "CommModules\CommModules.csproj", "{6C8B8694-4962-4472-AB71-50E9A0C60925}"
EndProject
Project("{2150E333-8FDC-42A3-9474-1A3956D46DE8}") = "CommModulesPack", "CommModulesPack", "{D722DF9A-C320-447C-B182-5623F3CCB4A0}"
EndProject
Project("{FAE04EC0-301F-11D3-BF4B-00C04F79EFBC}") = "CyclerModuleTests", "CyclerModuleTests1\CyclerModuleTests.csproj", "{EED7F88D-82E5-441B-86E5-8E6FC535300E}"
EndProject
Project("{2150E333-8FDC-42A3-9474-1A3956D46DE8}") = "MainView", "MainView", "{D6CA80A7-7806-4F15-B120-AB400981A5F7}"
EndProject
Project("{FAE04EC0-301F-11D3-BF4B-00C04F79EFBC}") = "SettingModules", "SettingModules\SettingModules.csproj", "{15032A66-7449-4721-BAF5-8FC55838F645}"
EndProject
Project("{2150E333-8FDC-42A3-9474-1A3956D46DE8}") = "SettingModulesPack", "SettingModulesPack", "{F0F0C519-F9D9-47C0-8F65-CAB5A887D98F}"
EndProject
Project("{FAE04EC0-301F-11D3-BF4B-00C04F79EFBC}") = "SettingModulesTests", "SettingModulesTests\SettingModulesTests.csproj", "{6ECC8151-D015-43D7-927F-C137CEBB508B}"
EndProject
Project("{2150E333-8FDC-42A3-9474-1A3956D46DE8}") = "MonitorModulesPack", "MonitorModulesPack", "{13009CDC-6DB9-42DA-A8BE-695FDD3DE8E2}"
EndProject
Project("{FAE04EC0-301F-11D3-BF4B-00C04F79EFBC}") = "MonitorModules", "MonitorModules\MonitorModules.csproj", "{44452110-1E40-4100-953A-9392D80F76F8}"
EndProject
Project("{FAE04EC0-301F-11D3-BF4B-00C04F79EFBC}") = "CyclerTester", "CyclerTester\CyclerTester.csproj", "{6985F956-3F39-499C-8445-9C2F8F9D6886}"
EndProject
Project("{2150E333-8FDC-42A3-9474-1A3956D46DE8}") = "RecipyModulesPack", "RecipyModulesPack", "{67C8B1F7-C081-4B3B-92AC-5FD15A070254}"
EndProject
Project("{FAE04EC0-301F-11D3-BF4B-00C04F79EFBC}") = "RecipyModules", "RecipyModules\RecipyModules.csproj", "{64485B9C-FC53-4331-BDF2-F6C52A9A2023}"
EndProject
Global
	GlobalSection(SolutionConfigurationPlatforms) = preSolution
		Debug|Any CPU = Debug|Any CPU
		Release|Any CPU = Release|Any CPU
	EndGlobalSection
	GlobalSection(ProjectConfigurationPlatforms) = postSolution
		{B9869305-76D9-4229-B08F-695263A2A12A}.Debug|Any CPU.ActiveCfg = Debug|Any CPU
		{B9869305-76D9-4229-B08F-695263A2A12A}.Debug|Any CPU.Build.0 = Debug|Any CPU
		{B9869305-76D9-4229-B08F-695263A2A12A}.Release|Any CPU.ActiveCfg = Release|Any CPU
		{B9869305-76D9-4229-B08F-695263A2A12A}.Release|Any CPU.Build.0 = Release|Any CPU
		{CA17172C-2C60-4632-AF41-CB12155D3F7F}.Debug|Any CPU.ActiveCfg = Debug|Any CPU
		{CA17172C-2C60-4632-AF41-CB12155D3F7F}.Debug|Any CPU.Build.0 = Debug|Any CPU
		{CA17172C-2C60-4632-AF41-CB12155D3F7F}.Release|Any CPU.ActiveCfg = Release|Any CPU
		{CA17172C-2C60-4632-AF41-CB12155D3F7F}.Release|Any CPU.Build.0 = Release|Any CPU
		{166C3309-DD6C-4004-BFA4-ADC2FE5EED32}.Debug|Any CPU.ActiveCfg = Debug|Any CPU
		{166C3309-DD6C-4004-BFA4-ADC2FE5EED32}.Debug|Any CPU.Build.0 = Debug|Any CPU
		{166C3309-DD6C-4004-BFA4-ADC2FE5EED32}.Release|Any CPU.ActiveCfg = Release|Any CPU
		{166C3309-DD6C-4004-BFA4-ADC2FE5EED32}.Release|Any CPU.Build.0 = Release|Any CPU
		{F04F2528-5513-4693-A713-9D2AF6CD661C}.Debug|Any CPU.ActiveCfg = Debug|Any CPU
		{F04F2528-5513-4693-A713-9D2AF6CD661C}.Debug|Any CPU.Build.0 = Debug|Any CPU
		{F04F2528-5513-4693-A713-9D2AF6CD661C}.Release|Any CPU.ActiveCfg = Release|Any CPU
		{F04F2528-5513-4693-A713-9D2AF6CD661C}.Release|Any CPU.Build.0 = Release|Any CPU
		{EF8D90C3-26F0-4F8A-9D09-930399861A52}.Debug|Any CPU.ActiveCfg = Debug|Any CPU
		{EF8D90C3-26F0-4F8A-9D09-930399861A52}.Debug|Any CPU.Build.0 = Debug|Any CPU
		{EF8D90C3-26F0-4F8A-9D09-930399861A52}.Release|Any CPU.ActiveCfg = Release|Any CPU
		{EF8D90C3-26F0-4F8A-9D09-930399861A52}.Release|Any CPU.Build.0 = Release|Any CPU
		{6C8B8694-4962-4472-AB71-50E9A0C60925}.Debug|Any CPU.ActiveCfg = Debug|Any CPU
		{6C8B8694-4962-4472-AB71-50E9A0C60925}.Debug|Any CPU.Build.0 = Debug|Any CPU
		{6C8B8694-4962-4472-AB71-50E9A0C60925}.Release|Any CPU.ActiveCfg = Release|Any CPU
		{6C8B8694-4962-4472-AB71-50E9A0C60925}.Release|Any CPU.Build.0 = Release|Any CPU
		{EED7F88D-82E5-441B-86E5-8E6FC535300E}.Debug|Any CPU.ActiveCfg = Debug|Any CPU
		{EED7F88D-82E5-441B-86E5-8E6FC535300E}.Debug|Any CPU.Build.0 = Debug|Any CPU
		{EED7F88D-82E5-441B-86E5-8E6FC535300E}.Release|Any CPU.ActiveCfg = Release|Any CPU
		{EED7F88D-82E5-441B-86E5-8E6FC535300E}.Release|Any CPU.Build.0 = Release|Any CPU
		{15032A66-7449-4721-BAF5-8FC55838F645}.Debug|Any CPU.ActiveCfg = Debug|Any CPU
		{15032A66-7449-4721-BAF5-8FC55838F645}.Debug|Any CPU.Build.0 = Debug|Any CPU
		{15032A66-7449-4721-BAF5-8FC55838F645}.Release|Any CPU.ActiveCfg = Release|Any CPU
		{15032A66-7449-4721-BAF5-8FC55838F645}.Release|Any CPU.Build.0 = Release|Any CPU
		{6ECC8151-D015-43D7-927F-C137CEBB508B}.Debug|Any CPU.ActiveCfg = Debug|Any CPU
		{6ECC8151-D015-43D7-927F-C137CEBB508B}.Debug|Any CPU.Build.0 = Debug|Any CPU
		{6ECC8151-D015-43D7-927F-C137CEBB508B}.Release|Any CPU.ActiveCfg = Release|Any CPU
		{6ECC8151-D015-43D7-927F-C137CEBB508B}.Release|Any CPU.Build.0 = Release|Any CPU
		{44452110-1E40-4100-953A-9392D80F76F8}.Debug|Any CPU.ActiveCfg = Debug|Any CPU
		{44452110-1E40-4100-953A-9392D80F76F8}.Debug|Any CPU.Build.0 = Debug|Any CPU
		{44452110-1E40-4100-953A-9392D80F76F8}.Release|Any CPU.ActiveCfg = Release|Any CPU
		{44452110-1E40-4100-953A-9392D80F76F8}.Release|Any CPU.Build.0 = Release|Any CPU
		{6985F956-3F39-499C-8445-9C2F8F9D6886}.Debug|Any CPU.ActiveCfg = Debug|Any CPU
		{6985F956-3F39-499C-8445-9C2F8F9D6886}.Debug|Any CPU.Build.0 = Debug|Any CPU
		{6985F956-3F39-499C-8445-9C2F8F9D6886}.Release|Any CPU.ActiveCfg = Release|Any CPU
		{6985F956-3F39-499C-8445-9C2F8F9D6886}.Release|Any CPU.Build.0 = Release|Any CPU
		{64485B9C-FC53-4331-BDF2-F6C52A9A2023}.Debug|Any CPU.ActiveCfg = Debug|Any CPU
		{64485B9C-FC53-4331-BDF2-F6C52A9A2023}.Debug|Any CPU.Build.0 = Debug|Any CPU
		{64485B9C-FC53-4331-BDF2-F6C52A9A2023}.Release|Any CPU.ActiveCfg = Release|Any CPU
		{64485B9C-FC53-4331-BDF2-F6C52A9A2023}.Release|Any CPU.Build.0 = Release|Any CPU
	EndGlobalSection
	GlobalSection(SolutionProperties) = preSolution
		HideSolutionNode = FALSE
	EndGlobalSection
	GlobalSection(NestedProjects) = preSolution
		{CA17172C-2C60-4632-AF41-CB12155D3F7F} = {DC7A007A-90AC-4F96-A626-F989BAA75280}
		{166C3309-DD6C-4004-BFA4-ADC2FE5EED32} = {DC7A007A-90AC-4F96-A626-F989BAA75280}
		{F04F2528-5513-4693-A713-9D2AF6CD661C} = {D722DF9A-C320-447C-B182-5623F3CCB4A0}
		{EF8D90C3-26F0-4F8A-9D09-930399861A52} = {EBF6152E-25C6-4D73-8AB5-B00F2788D350}
		{6C8B8694-4962-4472-AB71-50E9A0C60925} = {D722DF9A-C320-447C-B182-5623F3CCB4A0}
		{EED7F88D-82E5-441B-86E5-8E6FC535300E} = {EBF6152E-25C6-4D73-8AB5-B00F2788D350}
		{15032A66-7449-4721-BAF5-8FC55838F645} = {F0F0C519-F9D9-47C0-8F65-CAB5A887D98F}
		{F0F0C519-F9D9-47C0-8F65-CAB5A887D98F} = {D6CA80A7-7806-4F15-B120-AB400981A5F7}
		{6ECC8151-D015-43D7-927F-C137CEBB508B} = {F0F0C519-F9D9-47C0-8F65-CAB5A887D98F}
		{13009CDC-6DB9-42DA-A8BE-695FDD3DE8E2} = {D6CA80A7-7806-4F15-B120-AB400981A5F7}
		{44452110-1E40-4100-953A-9392D80F76F8} = {13009CDC-6DB9-42DA-A8BE-695FDD3DE8E2}
		{6985F956-3F39-499C-8445-9C2F8F9D6886} = {EBF6152E-25C6-4D73-8AB5-B00F2788D350}
		{67C8B1F7-C081-4B3B-92AC-5FD15A070254} = {D6CA80A7-7806-4F15-B120-AB400981A5F7}
		{64485B9C-FC53-4331-BDF2-F6C52A9A2023} = {67C8B1F7-C081-4B3B-92AC-5FD15A070254}
	EndGlobalSection
	GlobalSection(ExtensibilityGlobals) = postSolution
		SolutionGuid = {0CF514E0-E63E-46B6-B9FB-0CC1CD579727}
	EndGlobalSection
EndGlobal
